<Solution>
  <Folder Name="/Serialization/">
    <File Path="serialization\DandyDotnet.Serialization.Abstractions\DandyDotnet.Serialization.Abstractions.csproj" />
    <File Path="serialization\DandyDotnet.Serialization.NewtonsoftJson\DandyDotnet.Serialization.NewtonsoftJson.csproj" />
    <File Path="serialization\DandyDotnet.Serialization.SystemTextJson\DandyDotnet.Serialization.SystemTextJson.csproj" />
  </Folder>
  <Folder Name="/_/">
    <File Path="Directory.Build.props" />
    <File Path="Directory.Packages.props" />
  </Folder>
</Solution>
