<Solution>
  <Folder Name="/Encoding/">
    <Project Path="encoding\DandyDotnet.Encoding\DandyDotnet.Encoding.csproj" />
  </Folder>
  <Folder Name="/Serialization/">
    <Project Path="serialization/DandyDotnet.Serialization.NewtonsoftJson.Tests/DandyDotnet.Serialization.NewtonsoftJson.Tests.csproj" />
    <Project Path="serialization/DandyDotnet.Serialization.NewtonsoftJson/DandyDotnet.Serialization.NewtonsoftJson.csproj" />
    <Project Path="serialization/DandyDotnet.Serialization.Abstractions/DandyDotnet.Serialization.Abstractions.csproj" />
    <Project Path="serialization/DandyDotnet.Serialization.SystemTextJson.Tests/DandyDotnet.Serialization.SystemTextJson.Tests.csproj" />
    <Project Path="serialization/DandyDotnet.Serialization.SystemTextJson/DandyDotnet.Serialization.SystemTextJson.csproj" />
  </Folder>
  <Folder Name="/_/">
    <File Path="Directory.Build.props" />
    <File Path="Directory.Packages.props" />
  </Folder>
  <Project Path="DandyDotnet.Tests.Core/DandyDotnet.Tests.Core.csproj" />
</Solution>
