<Solution>
  <Folder Name="/DependencyInjection/">
    <Project Path="dependency-injection/DandyDotnet.DependencyInjection.Abstractions/DandyDotnet.DependencyInjection.Abstractions.csproj" />
    <Project Path="dependency-injection/DandyDotnet.DependencyInjection.Tests/DandyDotnet.DependencyInjection.Tests.csproj" />
    <Project Path="dependency-injection/DandyDotnet.DependencyInjection/DandyDotnet.DependencyInjection.csproj" />
  </Folder>
  <Folder Name="/Encoding/">
    <Project Path="encoding/DandyDotnet.Encoding.Abstractions/DandyDotnet.Encoding.Abstractions.csproj" />
    <Project Path="encoding/DandyDotnet.Encoding.Tests/DandyDotnet.Encoding.Tests.csproj" />
    <Project Path="encoding\DandyDotnet.Encoding\DandyDotnet.Encoding.csproj" />
  </Folder>
  <Folder Name="/EventDrivenArchitecture/" />
  <Folder Name="/EventDrivenArchitecture/RabbitMQ/">
    <Project Path="rabbitmq/DandyDotnet.EventDrivenArchitecture.RabbitMQ.Abstractions/DandyDotnet.EventDrivenArchitecture.RabbitMQ.Abstractions.csproj" />
    <Project Path="rabbitmq/DandyDotnet.EventDrivenArchitecture.RabbitMQ.Consumer.Abstractions/DandyDotnet.EventDrivenArchitecture.RabbitMQ.Consumer.Abstractions.csproj" />
    <Project Path="rabbitmq/DandyDotnet.EventDrivenArchitecture.RabbitMQ.Producer.Abstractions/DandyDotnet.EventDrivenArchitecture.RabbitMQ.Producer.Abstractions.csproj" />
    <Project Path="rabbitmq\DandyDotnet.EventDrivenArchitecture.RabbitMQ.Consumer\DandyDotnet.EventDrivenArchitecture.RabbitMQ.Consumer.csproj" />
    <Project Path="rabbitmq\DandyDotnet.EventDrivenArchitecture.RabbitMQ.Producer\DandyDotnet.EventDrivenArchitecture.RabbitMQ.Producer.csproj" />
    <Project Path="rabbitmq\DandyDotnet.EventDrivenArchitecture.RabbitMQ.Tests\DandyDotnet.EventDrivenArchitecture.RabbitMQ.Tests.csproj" />
    <Project Path="rabbitmq\DandyDotnet.EventDrivenArchitecture.RabbitMQ\DandyDotnet.EventDrivenArchitecture.RabbitMQ.csproj" />
  </Folder>
  <Folder Name="/EventDrivenArchitecture/RabbitMQ/Samples/">
    <Project Path="rabbitmq\DandyDotnet.EventDrivenArchitecture.RabbitMQ.Sample.Consumer\DandyDotnet.EventDrivenArchitecture.RabbitMQ.Sample.Consumer.csproj" />
    <Project Path="rabbitmq\DandyDotnet.EventDrivenArchitecture.RabbitMQ.Sample.Producer\DandyDotnet.EventDrivenArchitecture.RabbitMQ.Sample.Producer.csproj" />
    <Project Path="rabbitmq\DandyDotnet.EventDrivenArchitecture.RabbitMQ.Sample.Shared\DandyDotnet.EventDrivenArchitecture.RabbitMQ.Sample.Shared.csproj" />
  </Folder>
  <Folder Name="/Http/">
    <Project Path="http\DandyDotnet.Http.StaticEndpoints.Tests\DandyDotnet.Http.StaticEndpoints.Tests.csproj" />
    <Project Path="http\DandyDotnet.Http.StaticEndpoints\DandyDotnet.Http.StaticEndpoints.csproj" />
  </Folder>
  <Folder Name="/Patterns/" />
  <Folder Name="/Patterns/EventSourcing/">
    <Project Path="event-sourcing/DandyDotnet.Patterns.EventSourcing.Abstractions/DandyDotnet.Patterns.EventSourcing.Abstractions.csproj" />
    <Project Path="event-sourcing/DandyDotnet.Patterns.EventSourcing.Persistence.Sql.Sqlite.Tests/DandyDotnet.Patterns.EventSourcing.Persistence.Sql.Sqlite.Tests.csproj" />
    <Project Path="event-sourcing/DandyDotnet.Patterns.EventSourcing.Persistence.Sql.SqlServer/DandyDotnet.Patterns.EventSourcing.Persistence.Sql.SqlServer.csproj" />
    <Project Path="event-sourcing\DandyDotnet.Patterns.EventSourcing.Persistence.Sql.Postgres\DandyDotnet.Patterns.EventSourcing.Persistence.Sql.Postgres.csproj" />
    <Project Path="event-sourcing\DandyDotnet.Patterns.EventSourcing.Persistence.Sql.Sqlite\DandyDotnet.Patterns.EventSourcing.Persistence.Sql.Sqlite.csproj" />
    <Project Path="event-sourcing\DandyDotnet.Patterns.EventSourcing.Persistence.Sql\DandyDotnet.Patterns.EventSourcing.Persistence.Sql.csproj" />
    <Project Path="event-sourcing\DandyDotnet.Patterns.EventSourcing.Tests\DandyDotnet.Patterns.EventSourcing.Tests.csproj" />
    <Project Path="event-sourcing\DandyDotnet.Patterns.EventSourcing\DandyDotnet.Patterns.EventSourcing.csproj" />
  </Folder>
  <Folder Name="/Patterns/Mediator/">
    <Project Path="mediator/DandyDotnet.Patterns.Mediator.Abstractions/DandyDotnet.Patterns.Mediator.Abstractions.csproj" />
    <Project Path="mediator/DandyDotnet.Patterns.Mediator.Commands.Abstractions/DandyDotnet.Patterns.Mediator.Commands.Abstractions.csproj" />
    <Project Path="mediator/DandyDotnet.Patterns.Mediator.Commands.Tests/DandyDotnet.Patterns.Mediator.Commands.Tests.csproj" />
    <Project Path="mediator/DandyDotnet.Patterns.Mediator.Commands/DandyDotnet.Patterns.Mediator.Commands.csproj" />
    <Project Path="mediator/DandyDotnet.Patterns.Mediator.Queries.Abstractions/DandyDotnet.Patterns.Mediator.Queries.Abstractions.csproj" />
    <Project Path="mediator/DandyDotnet.Patterns.Mediator.Queries.Tests/DandyDotnet.Patterns.Mediator.Queries.Tests.csproj" />
    <Project Path="mediator/DandyDotnet.Patterns.Mediator.Queries/DandyDotnet.Patterns.Mediator.Queries.csproj" />
    <Project Path="mediator\DandyDotnet.Patterns.Mediator.Tests\DandyDotnet.Patterns.Mediator.Tests.csproj" />
    <Project Path="mediator\DandyDotnet.Patterns.Mediator.Validation.Tests\DandyDotnet.Patterns.Mediator.Validation.Tests.csproj" />
    <Project Path="mediator\DandyDotnet.Patterns.Mediator.Validation\DandyDotnet.Patterns.Mediator.Validation.csproj" />
    <Project Path="mediator\DandyDotnet.Patterns.Mediator\DandyDotnet.Patterns.Mediator.csproj" />
  </Folder>
  <Folder Name="/Patterns/Strategies/">
    <Project Path="strategies/DandyDotnet.Patterns.Strategies.Abstractions/DandyDotnet.Patterns.Strategies.Abstractions.csproj" />
    <Project Path="strategies\DandyDotnet.Patterns.Strategies.Tests\DandyDotnet.Patterns.Strategies.Tests.csproj" />
    <Project Path="strategies\DandyDotnet.Patterns.Strategies\DandyDotnet.Patterns.Strategies.csproj" />
  </Folder>
  <Folder Name="/Persistence/">
    <Project Path="persistence/DandyDotnet.Persistence.Sql.Postgres/DandyDotnet.Persistence.Sql.Postgres.csproj" />
    <Project Path="persistence/DandyDotnet.Persistence.Sql.SqlServer/DandyDotnet.Persistence.Sql.SqlServer.csproj" />
    <Project Path="persistence\DandyDotnet.Persistence.Sql.Abstractions\DandyDotnet.Persistence.Sql.Abstractions.csproj" />
    <Project Path="persistence\DandyDotnet.Persistence.Sql.Sqlite\DandyDotnet.Persistence.Sql.Sqlite.csproj" />
  </Folder>
  <Folder Name="/Persistence/Migrations/">
    <Project Path="persistence/DandyDotnet.Persistence.Sql.Migrations.SqlServer.Tests/DandyDotnet.Persistence.Sql.Migrations.SqlServer.Tests.csproj" />
    <Project Path="persistence/DandyDotnet.Persistence.Sql.Migrations.Postgres.Tests/DandyDotnet.Persistence.Sql.Migrations.Postgres.Tests.csproj" />
    <Project Path="persistence/DandyDotnet.Persistence.Sql.Migrations.Postgres/DandyDotnet.Persistence.Sql.Migrations.Postgres.csproj" />
    <Project Path="persistence/DandyDotnet.Persistence.Sql.Migrations.Sqlite.Tests/DandyDotnet.Persistence.Sql.Migrations.Sqlite.Tests.csproj" />
    <Project Path="persistence/DandyDotnet.Persistence.Sql.Migrations.Sqlite/DandyDotnet.Persistence.Sql.Migrations.Sqlite.csproj" />
    <Project Path="persistence/DandyDotnet.Persistence.Sql.Migrations.SqlServer/DandyDotnet.Persistence.Sql.Migrations.SqlServer.csproj" />
    <Project Path="persistence\DandyDotnet.Persistence.Sql.Migrations.Abstractions\DandyDotnet.Persistence.Sql.Migrations.Abstractions.csproj" />
    <Project Path="persistence\DandyDotnet.Persistence.Sql.Migrations\DandyDotnet.Persistence.Sql.Migrations.csproj" />
  </Folder>
  <Folder Name="/Serialization/">
    <Project Path="serialization/DandyDotnet.Serialization.NewtonsoftJson.Tests/DandyDotnet.Serialization.NewtonsoftJson.Tests.csproj" />
    <Project Path="serialization/DandyDotnet.Serialization.NewtonsoftJson/DandyDotnet.Serialization.NewtonsoftJson.csproj" />
    <Project Path="serialization/DandyDotnet.Serialization.Abstractions/DandyDotnet.Serialization.Abstractions.csproj" />
    <Project Path="serialization/DandyDotnet.Serialization.SystemTextJson.Tests/DandyDotnet.Serialization.SystemTextJson.Tests.csproj" />
    <Project Path="serialization/DandyDotnet.Serialization.SystemTextJson/DandyDotnet.Serialization.SystemTextJson.csproj" />
    <Project Path="serialization/DandyDotnet.Serialization/DandyDotnet.Serialization.csproj" />
  </Folder>
  <Folder Name="/_/">
    <File Path="Directory.Build.props" />
    <File Path="Directory.Packages.props" />
  </Folder>
  <Project Path="DandyDotnet.Tests.Core/DandyDotnet.Tests.Core.csproj" />
</Solution>
